
Microsoft Visual Studio Solution File, Format Version 12.00
# Visual Studio Version 17
VisualStudioVersion = 17.7.34024.191
MinimumVisualStudioVersion = 10.0.40219.1
Project("{FAE04EC0-301F-11D3-BF4B-00C04F79EFBC}") = "Curso-Expresiones-Regulares", "Curso-Expresiones-Regulares.csproj", "{EAFD205C-33C8-49F5-AF52-792D46A37CF2}"
EndProject
Global
	GlobalSection(SolutionConfigurationPlatforms) = preSolution
		Debug|Any CPU = Debug|Any CPU
		Release|Any CPU = Release|Any CPU
	EndGlobalSection
	GlobalSection(ProjectConfigurationPlatforms) = postSolution
		{EAFD205C-33C8-49F5-AF52-792D46A37CF2}.Debug|Any CPU.ActiveCfg = Debug|Any CPU
		{EAFD205C-33C8-49F5-AF52-792D46A37CF2}.Debug|Any CPU.Build.0 = Debug|Any CPU
		{EAFD205C-33C8-49F5-AF52-792D46A37CF2}.Release|Any CPU.ActiveCfg = Release|Any CPU
		{EAFD205C-33C8-49F5-AF52-792D46A37CF2}.Release|Any CPU.Build.0 = Release|Any CPU
	EndGlobalSection
	GlobalSection(SolutionProperties) = preSolution
		HideSolutionNode = FALSE
	EndGlobalSection
	GlobalSection(ExtensibilityGlobals) = postSolution
		SolutionGuid = {AFB33D1A-6414-4376-B63C-877B92F079F1}
	EndGlobalSection
EndGlobal
